// !$*UTF8*$!
{
	archiveVersion = 1;
	classes = {
	};
	objectVersion = 46;
	objects = {

/* Begin PBXBuildFile section */
		51FED52A1EDCB9930007FD82 /* AppDelegate.swift in Sources */ = {isa = PBXBuildFile; fileRef = 51FED5291EDCB9930007FD82 /* AppDelegate.swift */; };
		51FED52C1EDCB9930007FD82 /* ViewController.swift in Sources */ = {isa = PBXBuildFile; fileRef = 51FED52B1EDCB9930007FD82 /* ViewController.swift */; };
		51FED52F1EDCB9930007FD82 /* Main.storyboard in Resources */ = {isa = PBXBuildFile; fileRef = 51FED52D1EDCB9930007FD82 /* Main.storyboard */; };
		51FED5321EDCB9930007FD82 /* ToDo.xcdatamodeld in Sources */ = {isa = PBXBuildFile; fileRef = 51FED5301EDCB9930007FD82 /* ToDo.xcdatamodeld */; };
		51FED5341EDCB9930007FD82 /* Assets.xcassets in Resources */ = {isa = PBXBuildFile; fileRef = 51FED5331EDCB9930007FD82 /* Assets.xcassets */; };
		51FED5371EDCB9930007FD82 /* LaunchScreen.storyboard in Resources */ = {isa = PBXBuildFile; fileRef = 51FED5351EDCB9930007FD82 /* LaunchScreen.storyboard */; };
		51FED5411EDCC0960007FD82 /* addTaskViewController.swift in Sources */ = {isa = PBXBuildFile; fileRef = 51FED5401EDCC0960007FD82 /* addTaskViewController.swift */; };
		51FED5431EDE10E10007FD82 /* CompleteTaskViewController.swift in Sources */ = {isa = PBXBuildFile; fileRef = 51FED5421EDE10E10007FD82 /* CompleteTaskViewController.swift */; };
/* End PBXBuildFile section */

/* Begin PBXFileReference section */
		51FED5261EDCB9930007FD82 /* ToDo.app */ = {isa = PBXFileReference; explicitFileType = wrapper.application; includeInIndex = 0; path = ToDo.app; sourceTree = BUILT_PRODUCTS_DIR; };
		51FED5291EDCB9930007FD82 /* AppDelegate.swift */ = {isa = PBXFileReference; lastKnownFileType = sourcecode.swift; path = AppDelegate.swift; sourceTree = "<group>"; };
		51FED52B1EDCB9930007FD82 /* ViewController.swift */ = {isa = PBXFileReference; lastKnownFileType = sourcecode.swift; path = ViewController.swift; sourceTree = "<group>"; };
		51FED52E1EDCB9930007FD82 /* Base */ = {isa = PBXFileReference; lastKnownFileType = file.storyboard; name = Base; path = Base.lproj/Main.storyboard; sourceTree = "<group>"; };
		51FED5311EDCB9930007FD82 /* ToDo.xcdatamodel */ = {isa = PBXFileReference; lastKnownFileType = wrapper.xcdatamodel; path = ToDo.xcdatamodel; sourceTree = "<group>"; };
		51FED5331EDCB9930007FD82 /* Assets.xcassets */ = {isa = PBXFileReference; lastKnownFileType = folder.assetcatalog; path = Assets.xcassets; sourceTree = "<group>"; };
		51FED5361EDCB9930007FD82 /* Base */ = {isa = PBXFileReference; lastKnownFileType = file.storyboard; name = Base; path = Base.lproj/LaunchScreen.storyboard; sourceTree = "<group>"; };
		51FED5381EDCB9930007FD82 /* Info.plist */ = {isa = PBXFileReference; lastKnownFileType = text.plist.xml; path = Info.plist; sourceTree = "<group>"; };
		51FED5401EDCC0960007FD82 /* addTaskViewController.swift */ = {isa = PBXFileReference; fileEncoding = 4; lastKnownFileType = sourcecode.swift; path = addTaskViewController.swift; sourceTree = "<group>"; };
		51FED5421EDE10E10007FD82 /* CompleteTaskViewController.swift */ = {isa = PBXFileReference; fileEncoding = 4; lastKnownFileType = sourcecode.swift; path = CompleteTaskViewController.swift; sourceTree = "<group>"; };
/* End PBXFileReference section */

/* Begin PBXFrameworksBuildPhase section */
		51FED5231EDCB9930007FD82 /* Frameworks */ = {
			isa = PBXFrameworksBuildPhase;
			buildActionMask = 2147483647;
			files = (
			);
			runOnlyForDeploymentPostprocessing = 0;
		};
/* End PBXFrameworksBuildPhase section */

/* Begin PBXGroup section */
		51FED51D1EDCB9930007FD82 = {
			isa = PBXGroup;
			children = (
				51FED5281EDCB9930007FD82 /* ToDo */,
				51FED5271EDCB9930007FD82 /* Products */,
			);
			sourceTree = "<group>";
		};
		51FED5271EDCB9930007FD82 /* Products */ = {
			isa = PBXGroup;
			children = (
				51FED5261EDCB9930007FD82 /* ToDo.app */,
			);
			name = Products;
			sourceTree = "<group>";
		};
		51FED5281EDCB9930007FD82 /* ToDo */ = {
			isa = PBXGroup;
			children = (
				51FED5291EDCB9930007FD82 /* AppDelegate.swift */,
				51FED52B1EDCB9930007FD82 /* ViewController.swift */,
				51FED5401EDCC0960007FD82 /* addTaskViewController.swift */,
				51FED5421EDE10E10007FD82 /* CompleteTaskViewController.swift */,
				51FED52D1EDCB9930007FD82 /* Main.storyboard */,
				51FED5331EDCB9930007FD82 /* Assets.xcassets */,
				51FED5351EDCB9930007FD82 /* LaunchScreen.storyboard */,
				51FED5381EDCB9930007FD82 /* Info.plist */,
				51FED5301EDCB9930007FD82 /* ToDo.xcdatamodeld */,
			);
			path = ToDo;
			sourceTree = "<group>";
		};
/* End PBXGroup section */

/* Begin PBXNativeTarget section */
		51FED5251EDCB9930007FD82 /* ToDo */ = {
			isa = PBXNativeTarget;
			buildConfigurationList = 51FED53B1EDCB9930007FD82 /* Build configuration list for PBXNativeTarget "ToDo" */;
			buildPhases = (
				51FED5221EDCB9930007FD82 /* Sources */,
				51FED5231EDCB9930007FD82 /* Frameworks */,
				51FED5241EDCB9930007FD82 /* Resources */,
			);
			buildRules = (
			);
			dependencies = (
			);
			name = ToDo;
			productName = ToDo;
			productReference = 51FED5261EDCB9930007FD82 /* ToDo.app */;
			productType = "com.apple.product-type.application";
		};
/* End PBXNativeTarget section */

/* Begin PBXProject section */
		51FED51E1EDCB9930007FD82 /* Project object */ = {
			isa = PBXProject;
			attributes = {
				LastSwiftUpdateCheck = 0820;
				LastUpgradeCheck = 0820;
				ORGANIZATIONNAME = "Sebastian Asp";
				TargetAttributes = {
					51FED5251EDCB9930007FD82 = {
						CreatedOnToolsVersion = 8.2;
						DevelopmentTeam = 6PGYVLWZPU;
						ProvisioningStyle = Automatic;
					};
				};
			};
			buildConfigurationList = 51FED5211EDCB9930007FD82 /* Build configuration list for PBXProject "ToDo" */;
			compatibilityVersion = "Xcode 3.2";
			developmentRegion = English;
			hasScannedForEncodings = 0;
			knownRegions = (
				en,
				Base,
			);
			mainGroup = 51FED51D1EDCB9930007FD82;
			productRefGroup = 51FED5271EDCB9930007FD82 /* Products */;
			projectDirPath = "";
			projectRoot = "";
			targets = (
				51FED5251EDCB9930007FD82 /* ToDo */,
			);
		};
/* End PBXProject section */

/* Begin PBXResourcesBuildPhase section */
		51FED5241EDCB9930007FD82 /* Resources */ = {
			isa = PBXResourcesBuildPhase;
			buildActionMask = 2147483647;
			files = (
				51FED5371EDCB9930007FD82 /* LaunchScreen.storyboard in Resources */,
				51FED5341EDCB9930007FD82 /* Assets.xcassets in Resources */,
				51FED52F1EDCB9930007FD82 /* Main.storyboard in Resources */,
			);
			runOnlyForDeploymentPostprocessing = 0;
		};
/* End PBXResourcesBuildPhase section */

/* Begin PBXSourcesBuildPhase section */
		51FED5221EDCB9930007FD82 /* Sources */ = {
			isa = PBXSourcesBuildPhase;
			buildActionMask = 2147483647;
			files = (
				51FED5411EDCC0960007FD82 /* addTaskViewController.swift in Sources */,
				51FED5431EDE10E10007FD82 /* CompleteTaskViewController.swift in Sources */,
				51FED52C1EDCB9930007FD82 /* ViewController.swift in Sources */,
				51FED5321EDCB9930007FD82 /* ToDo.xcdatamodeld in Sources */,
				51FED52A1EDCB9930007FD82 /* AppDelegate.swift in Sources */,
			);
			runOnlyForDeploymentPostprocessing = 0;
		};
/* End PBXSourcesBuildPhase section */

/* Begin PBXVariantGroup section */
		51FED52D1EDCB9930007FD82 /* Main.storyboard */ = {
			isa = PBXVariantGroup;
			children = (
				51FED52E1EDCB9930007FD82 /* Base */,
			);
			name = Main.storyboard;
			sourceTree = "<group>";
		};
		51FED5351EDCB9930007FD82 /* LaunchScreen.storyboard */ = {
			isa = PBXVariantGroup;
			children = (
				51FED5361EDCB9930007FD82 /* Base */,
			);
			name = LaunchScreen.storyboard;
			sourceTree = "<group>";
		};
/* End PBXVariantGroup section */

/* Begin XCBuildConfiguration section */
		51FED5391EDCB9930007FD82 /* Debug */ = {
			isa = XCBuildConfiguration;
			buildSettings = {
				ALWAYS_SEARCH_USER_PATHS = NO;
				CLANG_ANALYZER_NONNULL = YES;
				CLANG_CXX_LANGUAGE_STANDARD = "gnu++0x";
				CLANG_CXX_LIBRARY = "libc++";
				CLANG_ENABLE_MODULES = YES;
				CLANG_ENABLE_OBJC_ARC = YES;
				CLANG_WARN_BOOL_CONVERSION = YES;
				CLANG_WARN_CONSTANT_CONVERSION = YES;
				CLANG_WARN_DIRECT_OBJC_ISA_USAGE = YES_ERROR;
				CLANG_WARN_DOCUMENTATION_COMMENTS = YES;
				CLANG_WARN_EMPTY_BODY = YES;
				CLANG_WARN_ENUM_CONVERSION = YES;
				CLANG_WARN_INFINITE_RECURSION = YES;
				CLANG_WARN_INT_CONVERSION = YES;
				CLANG_WARN_OBJC_ROOT_CLASS = YES_ERROR;
				CLANG_WARN_SUSPICIOUS_MOVE = YES;
				CLANG_WARN_UNREACHABLE_CODE = YES;
				CLANG_WARN__DUPLICATE_METHOD_MATCH = YES;
				"CODE_SIGN_IDENTITY[sdk=iphoneos*]" = "iPhone Developer";
				COPY_PHASE_STRIP = NO;
				DEBUG_INFORMATION_FORMAT = dwarf;
				ENABLE_STRICT_OBJC_MSGSEND = YES;
				ENABLE_TESTABILITY = YES;
				GCC_C_LANGUAGE_STANDARD = gnu99;
				GCC_DYNAMIC_NO_PIC = NO;
				GCC_NO_COMMON_BLOCKS = YES;
				GCC_OPTIMIZATION_LEVEL = 0;
				GCC_PREPROCESSOR_DEFINITIONS = (
					"DEBUG=1",
					"$(inherited)",
				);
				GCC_WARN_64_TO_32_BIT_CONVERSION = YES;
				GCC_WARN_ABOUT_RETURN_TYPE = YES_ERROR;
				GCC_WARN_UNDECLARED_SELECTOR = YES;
				GCC_WARN_UNINITIALIZED_AUTOS = YES_AGGRESSIVE;
				GCC_WARN_UNUSED_FUNCTION = YES;
				GCC_WARN_UNUSED_VARIABLE = YES;
				IPHONEOS_DEPLOYMENT_TARGET = 10.2;
				MTL_ENABLE_DEBUG_INFO = YES;
				ONLY_ACTIVE_ARCH = YES;
				SDKROOT = iphoneos;
				SWIFT_ACTIVE_COMPILATION_CONDITIONS = DEBUG;
				SWIFT_OPTIMIZATION_LEVEL = "-Onone";
			};
			name = Debug;
		};
		51FED53A1EDCB9930007FD82 /* Release */ = {
			isa = XCBuildConfiguration;
			buildSettings = {
				ALWAYS_SEARCH_USER_PATHS = NO;
				CLANG_ANALYZER_NONNULL = YES;
				CLANG_CXX_LANGUAGE_STANDARD = "gnu++0x";
				CLANG_CXX_LIBRARY = "libc++";
				CLANG_ENABLE_MODULES = YES;
				CLANG_ENABLE_OBJC_ARC = YES;
				CLANG_WARN_BOOL_CONVERSION = YES;
				CLANG_WARN_CONSTANT_CONVERSION = YES;
				CLANG_WARN_DIRECT_OBJC_ISA_USAGE = YES_ERROR;
				CLANG_WARN_DOCUMENTATION_COMMENTS = YES;
				CLANG_WARN_EMPTY_BODY = YES;
				CLANG_WARN_ENUM_CONVERSION = YES;
				CLANG_WARN_INFINITE_RECURSION = YES;
				CLANG_WARN_INT_CONVERSION = YES;
				CLANG_WARN_OBJC_ROOT_CLASS = YES_ERROR;
				CLANG_WARN_SUSPICIOUS_MOVE = YES;
				CLANG_WARN_UNREACHABLE_CODE = YES;
				CLANG_WARN__DUPLICATE_METHOD_MATCH = YES;
				"CODE_SIGN_IDENTITY[sdk=iphoneos*]" = "iPhone Developer";
				COPY_PHASE_STRIP = NO;
				DEBUG_INFORMATION_FORMAT = "dwarf-with-dsym";
				ENABLE_NS_ASSERTIONS = NO;
				ENABLE_STRICT_OBJC_MSGSEND = YES;
				GCC_C_LANGUAGE_STANDARD = gnu99;
				GCC_NO_COMMON_BLOCKS = YES;
				GCC_WARN_64_TO_32_BIT_CONVERSION = YES;
				GCC_WARN_ABOUT_RETURN_TYPE = YES_ERROR;
				GCC_WARN_UNDECLARED_SELECTOR = YES;
				GCC_WARN_UNINITIALIZED_AUTOS = YES_AGGRESSIVE;
				GCC_WARN_UNUSED_FUNCTION = YES;
				GCC_WARN_UNUSED_VARIABLE = YES;
				IPHONEOS_DEPLOYMENT_TARGET = 10.2;
				MTL_ENABLE_DEBUG_INFO = NO;
				SDKROOT = iphoneos;
				SWIFT_OPTIMIZATION_LEVEL = "-Owholemodule";
				VALIDATE_PRODUCT = YES;
			};
			name = Release;
		};
		51FED53C1EDCB9930007FD82 /* Debug */ = {
			isa = XCBuildConfiguration;
			buildSettings = {
				ASSETCATALOG_COMPILER_APPICON_NAME = AppIcon;
				DEVELOPMENT_TEAM = 6PGYVLWZPU;
				INFOPLIST_FILE = ToDo/Info.plist;
				LD_RUNPATH_SEARCH_PATHS = "$(inherited) @executable_path/Frameworks";
				PRODUCT_BUNDLE_IDENTIFIER = com.sebastianasp.ToDo;
				PRODUCT_NAME = "$(TARGET_NAME)";
				SWIFT_VERSION = 3.0;
			};
			name = Debug;
		};
		51FED53D1EDCB9930007FD82 /* Release */ = {
			isa = XCBuildConfiguration;
			buildSettings = {
				ASSETCATALOG_COMPILER_APPICON_NAME = AppIcon;
				DEVELOPMENT_TEAM = 6PGYVLWZPU;
				INFOPLIST_FILE = ToDo/Info.plist;
				LD_RUNPATH_SEARCH_PATHS = "$(inherited) @executable_path/Frameworks";
				PRODUCT_BUNDLE_IDENTIFIER = com.sebastianasp.ToDo;
				PRODUCT_NAME = "$(TARGET_NAME)";
				SWIFT_VERSION = 3.0;
			};
			name = Release;
		};
/* End XCBuildConfiguration section */

/* Begin XCConfigurationList section */
		51FED5211EDCB9930007FD82 /* Build configuration list for PBXProject "ToDo" */ = {
			isa = XCConfigurationList;
			buildConfigurations = (
				51FED5391EDCB9930007FD82 /* Debug */,
				51FED53A1EDCB9930007FD82 /* Release */,
			);
			defaultConfigurationIsVisible = 0;
			defaultConfigurationName = Release;
		};
		51FED53B1EDCB9930007FD82 /* Build configuration list for PBXNativeTarget "ToDo" */ = {
			isa = XCConfigurationList;
			buildConfigurations = (
				51FED53C1EDCB9930007FD82 /* Debug */,
				51FED53D1EDCB9930007FD82 /* Release */,
			);
			defaultConfigurationIsVisible = 0;
		};
/* End XCConfigurationList section */

/* Begin XCVersionGroup section */
		51FED5301EDCB9930007FD82 /* ToDo.xcdatamodeld */ = {
			isa = XCVersionGroup;
			children = (
				51FED5311EDCB9930007FD82 /* ToDo.xcdatamodel */,
			);
			currentVersion = 51FED5311EDCB9930007FD82 /* ToDo.xcdatamodel */;
			path = ToDo.xcdatamodeld;
			sourceTree = "<group>";
			versionGroupType = wrapper.xcdatamodel;
		};
/* End XCVersionGroup section */
	};
	rootObject = 51FED51E1EDCB9930007FD82 /* Project object */;
}
